#MicroXplorer Configuration settings - do not modify
ADC1.Channel-0\#ChannelRegularConversion=ADC_CHANNEL_1
ADC1.ClockPrescaler=ADC_CLOCK_SYNC_PCLK_DIV8
ADC1.ContinuousConvMode=ENABLE
ADC1.DMAContinuousRequests=ENABLE
ADC1.IPParameters=Rank-0\#ChannelRegularConversion,Channel-0\#ChannelRegularConversion,SamplingTime-0\#ChannelRegularConversion,NbrOfConversionFlag,master,ScanConvMode,DMAContinuousRequests,ContinuousConvMode,ClockPrescaler
ADC1.NbrOfConversionFlag=1
ADC1.Rank-0\#ChannelRegularConversion=1
ADC1.SamplingTime-0\#ChannelRegularConversion=ADC_SAMPLETIME_480CYCLES
ADC1.ScanConvMode=ENABLE
ADC1.master=1
Dma.ADC1.0.Direction=DMA_PERIPH_TO_MEMORY
Dma.ADC1.0.FIFOMode=DMA_FIFOMODE_DISABLE
Dma.ADC1.0.Instance=DMA2_Stream0
Dma.ADC1.0.MemDataAlignment=DMA_MDATAALIGN_HALFWORD
Dma.ADC1.0.MemInc=DMA_MINC_ENABLE
Dma.ADC1.0.Mode=DMA_CIRCULAR
Dma.ADC1.0.PeriphDataAlignment=DMA_PDATAALIGN_HALFWORD
Dma.ADC1.0.PeriphInc=DMA_PINC_DISABLE
Dma.ADC1.0.Priority=DMA_PRIORITY_LOW
Dma.ADC1.0.RequestParameters=Instance,Direction,PeriphInc,MemInc,PeriphDataAlignment,MemDataAlignment,Mode,Priority,FIFOMode
Dma.Request0=ADC1
Dma.Request1=SPI1_TX
Dma.RequestsNb=2
Dma.SPI1_TX.1.Direction=DMA_MEMORY_TO_PERIPH
Dma.SPI1_TX.1.FIFOMode=DMA_FIFOMODE_DISABLE
Dma.SPI1_TX.1.Instance=DMA2_Stream2
Dma.SPI1_TX.1.MemDataAlignment=DMA_MDATAALIGN_BYTE
Dma.SPI1_TX.1.MemInc=DMA_MINC_ENABLE
Dma.SPI1_TX.1.Mode=DMA_NORMAL
Dma.SPI1_TX.1.PeriphDataAlignment=DMA_PDATAALIGN_BYTE
Dma.SPI1_TX.1.PeriphInc=DMA_PINC_DISABLE
Dma.SPI1_TX.1.Priority=DMA_PRIORITY_LOW
Dma.SPI1_TX.1.RequestParameters=Instance,Direction,PeriphInc,MemInc,PeriphDataAlignment,MemDataAlignment,Mode,Priority,FIFOMode
File.Version=6
KeepUserPlacement=true
Mcu.Family=STM32F4
Mcu.IP0=ADC1
Mcu.IP1=DMA
Mcu.IP2=NVIC
Mcu.IP3=RCC
Mcu.IP4=SPI1
Mcu.IP5=SYS
Mcu.IP6=TIM10
Mcu.IPNb=7
Mcu.Name=STM32F411V(C-E)Tx
Mcu.Package=LQFP100
Mcu.Pin0=PE2
Mcu.Pin1=PE3
Mcu.Pin10=PA7
Mcu.Pin11=PC4
Mcu.Pin12=PC5
Mcu.Pin13=PB1
Mcu.Pin14=PD12
Mcu.Pin15=PD13
Mcu.Pin16=PD14
Mcu.Pin17=PD15
Mcu.Pin18=PD4
Mcu.Pin19=PD5
Mcu.Pin2=PE4
Mcu.Pin20=PE1
Mcu.Pin21=VP_SYS_VS_Systick
Mcu.Pin22=VP_TIM10_VS_ClockSourceINT
Mcu.Pin3=PE5
Mcu.Pin4=PH0 - OSC_IN
Mcu.Pin5=PH1 - OSC_OUT
Mcu.Pin6=PC0
Mcu.Pin7=PA0-WKUP
Mcu.Pin8=PA1
Mcu.Pin9=PA5
Mcu.PinsNb=23
Mcu.UserConstants=
Mcu.UserName=STM32F411VETx
MxCube.Version=4.22.0
MxDb.Version=DB.4.0.220
NVIC.BusFault_IRQn=true\:0\:0\:false\:false\:false
NVIC.DMA2_Stream0_IRQn=true\:0\:0\:false\:false\:true
NVIC.DMA2_Stream2_IRQn=true\:0\:0\:false\:false\:true
NVIC.DebugMonitor_IRQn=true\:0\:0\:false\:false\:false
NVIC.EXTI0_IRQn=true\:0\:2\:true\:false\:true
NVIC.HardFault_IRQn=true\:0\:0\:false\:false\:false
NVIC.MemoryManagement_IRQn=true\:0\:0\:false\:false\:false
NVIC.NonMaskableInt_IRQn=true\:0\:0\:false\:false\:false
NVIC.PendSV_IRQn=true\:0\:0\:false\:false\:false
NVIC.PriorityGroup=NVIC_PRIORITYGROUP_0
NVIC.SPI1_IRQn=true\:0\:0\:false\:false\:true
NVIC.SVCall_IRQn=true\:0\:0\:false\:false\:false
NVIC.SysTick_IRQn=true\:0\:0\:true\:false\:true
NVIC.TIM1_UP_TIM10_IRQn=true\:0\:2\:false\:false\:true
NVIC.UsageFault_IRQn=true\:0\:0\:false\:false\:false
PA0-WKUP.GPIOParameters=GPIO_Label,GPIO_ModeDefaultEXTI
PA0-WKUP.GPIO_Label=Button
PA0-WKUP.GPIO_ModeDefaultEXTI=GPIO_MODE_IT_RISING_FALLING
PA0-WKUP.Locked=true
PA0-WKUP.Signal=GPXTI0
PA1.Signal=ADCx_IN1
PA5.Mode=TX_Only_Simplex_Unidirect_Master
PA5.Signal=SPI1_SCK
PA7.Mode=TX_Only_Simplex_Unidirect_Master
PA7.Signal=SPI1_MOSI
PB1.GPIOParameters=GPIO_Label
PB1.GPIO_Label=RES
PB1.Locked=true
PB1.Signal=GPIO_Output
PC0.GPIOParameters=PinState,GPIO_Label
PC0.GPIO_Label=OTG_FS_PowerSwitchOn
PC0.Locked=true
PC0.PinState=GPIO_PIN_SET
PC0.Signal=GPIO_Output
PC4.GPIOParameters=GPIO_Label
PC4.GPIO_Label=CS
PC4.Locked=true
PC4.Signal=GPIO_Output
PC5.GPIOParameters=GPIO_Label
PC5.GPIO_Label=DC
PC5.Locked=true
PC5.Signal=GPIO_Output
PCC.Checker=false
PCC.Line=STM32F411
PCC.MCU=STM32F411V(C-E)Tx
PCC.PartNumber=STM32F411VETx
PCC.Seq0=0
PCC.Series=STM32F4
PCC.Temperature=25
PCC.Vdd=null
PD12.Locked=true
PD12.Signal=GPIO_Output
PD13.Locked=true
PD13.Signal=GPIO_Output
PD14.Locked=true
PD14.Signal=GPIO_Output
PD15.Locked=true
PD15.Signal=GPIO_Output
PD4.GPIOParameters=GPIO_Label
PD4.GPIO_Label=Audio_RST [CS43L22_RESET]
PD4.Locked=true
PD4.Signal=GPIO_Output
PD5.GPIOParameters=GPIO_Label
PD5.GPIO_Label=OTG_FS_OverCurrent
PD5.Locked=true
PD5.Signal=GPIO_Input
PE1.GPIOParameters=GPIO_Label,GPIO_ModeDefaultEXTI
PE1.GPIO_Label=MEMS_INT2 [L3GD20_INT2]
PE1.GPIO_ModeDefaultEXTI=GPIO_MODE_EVT_RISING
PE1.Locked=true
PE1.Signal=GPXTI1
PE2.Locked=true
PE2.Signal=GPIO_Input
PE3.GPIOParameters=GPIO_Label
PE3.GPIO_Label=CS_I2C/SPI [L3GD20_CS_I2C/SPI]
PE3.Locked=true
PE3.Signal=GPIO_Output
PE4.GPIOParameters=GPIO_ModeDefaultEXTI
PE4.GPIO_ModeDefaultEXTI=GPIO_MODE_EVT_RISING
PE4.Locked=true
PE4.Signal=GPXTI4
PE5.GPIOParameters=GPIO_ModeDefaultEXTI
PE5.GPIO_ModeDefaultEXTI=GPIO_MODE_EVT_RISING
PE5.Locked=true
PE5.Signal=GPXTI5
PH0\ -\ OSC_IN.Mode=HSE-External-Oscillator
PH0\ -\ OSC_IN.Signal=RCC_OSC_IN
PH1\ -\ OSC_OUT.Mode=HSE-External-Oscillator
PH1\ -\ OSC_OUT.Signal=RCC_OSC_OUT
PinOutPanel.RotationAngle=0
ProjectManager.AskForMigrate=true
ProjectManager.BackupPrevious=false
ProjectManager.CompilerOptimize=2
ProjectManager.ComputerToolchain=false
ProjectManager.CoupleFile=false
ProjectManager.CustomerFirmwarePackage=C\:/Users/fdse/STM32Cube/Repository/STM32Cube_FW_F4_V1.16.0
ProjectManager.DefaultFWLocation=true
ProjectManager.DeletePrevious=true
ProjectManager.DeviceId=STM32F411VETx
ProjectManager.FirmwarePackage=STM32Cube FW_F4 V1.16.0
ProjectManager.FreePins=false
ProjectManager.HalAssertFull=false
ProjectManager.HeapSize=0x200
ProjectManager.KeepUserCode=true
ProjectManager.LastFirmware=true
ProjectManager.LibraryCopy=0
ProjectManager.PreviousToolchain=
ProjectManager.ProjectBuild=false
ProjectManager.ProjectFileName=alko_v2.ioc
ProjectManager.ProjectName=alko_v2
ProjectManager.StackSize=0x400
ProjectManager.TargetToolchain=SW4STM32
ProjectManager.ToolChainLocation=
ProjectManager.UnderRoot=false
ProjectManager.functionlistsort=1-MX_GPIO_Init-GPIO-false-HAL,2-MX_DMA_Init-DMA-false-HAL,3-SystemClock_Config-RCC-false-HAL,4-MX_SPI1_Init-SPI1-false-HAL,5-MX_ADC1_Init-ADC1-false-HAL,6-MX_TIM10_Init-TIM10-false-HAL
RCC.48MHZClocksFreq_Value=25000000
RCC.AHBFreq_Value=100000000
RCC.APB1CLKDivider=RCC_HCLK_DIV2
RCC.APB1Freq_Value=50000000
RCC.APB1TimFreq_Value=100000000
RCC.APB2CLKDivider=RCC_HCLK_DIV2
RCC.APB2Freq_Value=50000000
RCC.APB2TimFreq_Value=100000000
RCC.CortexFreq_Value=100000000
RCC.EthernetFreq_Value=100000000
RCC.FCLKCortexFreq_Value=100000000
RCC.FamilyName=M
RCC.HCLKFreq_Value=100000000
RCC.HSE_VALUE=8000000
RCC.HSI_VALUE=16000000
RCC.I2SClocksFreq_Value=160000000
RCC.IPParameters=48MHZClocksFreq_Value,AHBFreq_Value,APB1CLKDivider,APB1Freq_Value,APB1TimFreq_Value,APB2CLKDivider,APB2Freq_Value,APB2TimFreq_Value,CortexFreq_Value,EthernetFreq_Value,FCLKCortexFreq_Value,FamilyName,HCLKFreq_Value,HSE_VALUE,HSI_VALUE,I2SClocksFreq_Value,LSE_VALUE,LSI_VALUE,MCO2PinFreq_Value,PLLCLKFreq_Value,PLLI2SM,PLLI2SN,PLLM,PLLN,PLLQ,PLLQCLKFreq_Value,PLLSourceVirtual,RTCFreq_Value,RTCHSEDivFreq_Value,SYSCLKFreq_VALUE,SYSCLKSource,VCOI2SOutputFreq_Value,VCOInputFreq_Value,VCOInputMFreq_Value,VCOOutputFreq_Value,VcooutputI2S
RCC.LSE_VALUE=32768
RCC.LSI_VALUE=32000
RCC.MCO2PinFreq_Value=100000000
RCC.PLLCLKFreq_Value=100000000
RCC.PLLI2SM=5
RCC.PLLI2SN=200
RCC.PLLM=4
RCC.PLLN=100
RCC.PLLQ=8
RCC.PLLQCLKFreq_Value=25000000
RCC.PLLSourceVirtual=RCC_PLLSOURCE_HSE
RCC.RTCFreq_Value=32000
RCC.RTCHSEDivFreq_Value=4000000
RCC.SYSCLKFreq_VALUE=100000000
RCC.SYSCLKSource=RCC_SYSCLKSOURCE_PLLCLK
RCC.VCOI2SOutputFreq_Value=320000000
RCC.VCOInputFreq_Value=2000000
RCC.VCOInputMFreq_Value=1600000
RCC.VCOOutputFreq_Value=200000000
RCC.VcooutputI2S=160000000
SH.ADCx_IN1.0=ADC1_IN1,IN1
SH.ADCx_IN1.ConfNb=1
SH.GPXTI0.0=GPIO_EXTI0
SH.GPXTI0.ConfNb=1
SH.GPXTI1.0=GPIO_EXTI1
SH.GPXTI1.ConfNb=1
SH.GPXTI4.0=GPIO_EXTI4
SH.GPXTI4.ConfNb=1
SH.GPXTI5.0=GPIO_EXTI5
SH.GPXTI5.ConfNb=1
SPI1.CLKPhase=SPI_PHASE_2EDGE
SPI1.CLKPolarity=SPI_POLARITY_HIGH
SPI1.CRCCalculation=SPI_CRCCALCULATION_DISABLE
SPI1.CalculateBaudRate=25.0 MBits/s
SPI1.Direction=SPI_DIRECTION_2LINES
SPI1.IPParameters=VirtualType,Mode,Direction,CalculateBaudRate,CLKPhase,CLKPolarity,CRCCalculation
SPI1.Mode=SPI_MODE_MASTER
SPI1.VirtualType=VM_MASTER
TIM10.IPParameters=Prescaler,Period
TIM10.Period=999
TIM10.Prescaler=9999
VP_SYS_VS_Systick.Mode=SysTick
VP_SYS_VS_Systick.Signal=SYS_VS_Systick
VP_TIM10_VS_ClockSourceINT.Mode=Enable_Timer
VP_TIM10_VS_ClockSourceINT.Signal=TIM10_VS_ClockSourceINT
board=STM32F411E-DISCO
boardIOC=true
